
Microsoft Visual Studio Solution File, Format Version 12.00
# Visual Studio Version 16
VisualStudioVersion = 16.0.28729.10
MinimumVisualStudioVersion = 10.0.40219.1
Project("{FAE04EC0-301F-11D3-BF4B-00C04F79EFBC}") = "Antiplagiarism", "Antiplagiarism\Antiplagiarism.csproj", "{097D811E-BBE9-4A55-81F2-9BE17754BDC8}"
EndProject
Project("{FAE04EC0-301F-11D3-BF4B-00C04F79EFBC}") = "Tickets", "Tickets\Tickets.csproj", "{9AEDE3C2-97BB-4273-8F51-6C08BF49C98B}"
EndProject
Global
	GlobalSection(SolutionConfigurationPlatforms) = preSolution
		Debug|Any CPU = Debug|Any CPU
		Release|Any CPU = Release|Any CPU
	EndGlobalSection
	GlobalSection(ProjectConfigurationPlatforms) = postSolution
		{097D811E-BBE9-4A55-81F2-9BE17754BDC8}.Debug|Any CPU.ActiveCfg = Debug|Any CPU
		{097D811E-BBE9-4A55-81F2-9BE17754BDC8}.Debug|Any CPU.Build.0 = Debug|Any CPU
		{097D811E-BBE9-4A55-81F2-9BE17754BDC8}.Release|Any CPU.ActiveCfg = Release|Any CPU
		{097D811E-BBE9-4A55-81F2-9BE17754BDC8}.Release|Any CPU.Build.0 = Release|Any CPU
		{9AEDE3C2-97BB-4273-8F51-6C08BF49C98B}.Debug|Any CPU.ActiveCfg = Debug|Any CPU
		{9AEDE3C2-97BB-4273-8F51-6C08BF49C98B}.Debug|Any CPU.Build.0 = Debug|Any CPU
		{9AEDE3C2-97BB-4273-8F51-6C08BF49C98B}.Release|Any CPU.ActiveCfg = Release|Any CPU
		{9AEDE3C2-97BB-4273-8F51-6C08BF49C98B}.Release|Any CPU.Build.0 = Release|Any CPU
	EndGlobalSection
	GlobalSection(SolutionProperties) = preSolution
		HideSolutionNode = FALSE
	EndGlobalSection
	GlobalSection(ExtensibilityGlobals) = postSolution
		SolutionGuid = {AA03625B-7966-4386-8CB2-808C079977E7}
	EndGlobalSection
EndGlobal
